
Microsoft Visual Studio Solution File, Format Version 12.00
# Visual Studio 2013
Project("{FAE04EC0-301F-11D3-BF4B-00C04F79EFBC}") = "GTA Clone.CSharp", "GTA Clone.CSharp.csproj", "{40E3146A-BBDE-7A7C-569F-8E7400ACD2DC}"
EndProject
Project("{FAE04EC0-301F-11D3-BF4B-00C04F79EFBC}") = "GTA Clone.CSharp.Editor", "GTA Clone.CSharp.Editor.csproj", "{07CEDE57-ED89-A3B7-2C33-432A78258A00}"
EndProject
Global
	GlobalSection(SolutionConfigurationPlatforms) = preSolution
		Debug|Any CPU = Debug|Any CPU
		Release|Any CPU = Release|Any CPU
	EndGlobalSection
	GlobalSection(ProjectConfigurationPlatforms) = postSolution
		{40E3146A-BBDE-7A7C-569F-8E7400ACD2DC}.Debug|Any CPU.ActiveCfg = Debug|Any CPU
		{40E3146A-BBDE-7A7C-569F-8E7400ACD2DC}.Debug|Any CPU.Build.0 = Debug|Any CPU
		{40E3146A-BBDE-7A7C-569F-8E7400ACD2DC}.Release|Any CPU.ActiveCfg = Release|Any CPU
		{40E3146A-BBDE-7A7C-569F-8E7400ACD2DC}.Release|Any CPU.Build.0 = Release|Any CPU
		{07CEDE57-ED89-A3B7-2C33-432A78258A00}.Debug|Any CPU.ActiveCfg = Debug|Any CPU
		{07CEDE57-ED89-A3B7-2C33-432A78258A00}.Debug|Any CPU.Build.0 = Debug|Any CPU
		{07CEDE57-ED89-A3B7-2C33-432A78258A00}.Release|Any CPU.ActiveCfg = Release|Any CPU
		{07CEDE57-ED89-A3B7-2C33-432A78258A00}.Release|Any CPU.Build.0 = Release|Any CPU
	EndGlobalSection
	GlobalSection(SolutionProperties) = preSolution
		HideSolutionNode = FALSE
	EndGlobalSection
EndGlobal
